// !$*UTF8*$!
{
	archiveVersion = 1;
	classes = {
	};
	objectVersion = 48;
	objects = {

/* Begin PBXBuildFile section */
		54F5726422581F2800729CD7 /* MapController.swift in Sources */ = {isa = PBXBuildFile; fileRef = 54F5726322581F2800729CD7 /* MapController.swift */; };
		54F5726622581FB300729CD7 /* PersistenceManager.swift in Sources */ = {isa = PBXBuildFile; fileRef = 54F5726522581FB300729CD7 /* PersistenceManager.swift */; };
		57574B172233FA4E007DD048 /* AppDelegate.swift in Sources */ = {isa = PBXBuildFile; fileRef = 57574B162233FA4E007DD048 /* AppDelegate.swift */; };
		57574B192233FA4E007DD048 /* ViewController.swift in Sources */ = {isa = PBXBuildFile; fileRef = 57574B182233FA4E007DD048 /* ViewController.swift */; };
		57574B1C2233FA4E007DD048 /* Main.storyboard in Resources */ = {isa = PBXBuildFile; fileRef = 57574B1A2233FA4E007DD048 /* Main.storyboard */; };
		57574B1E2233FA4E007DD048 /* Assets.xcassets in Resources */ = {isa = PBXBuildFile; fileRef = 57574B1D2233FA4E007DD048 /* Assets.xcassets */; };
		57574B212233FA4E007DD048 /* LaunchScreen.storyboard in Resources */ = {isa = PBXBuildFile; fileRef = 57574B1F2233FA4E007DD048 /* LaunchScreen.storyboard */; };
		57574B29223409B6007DD048 /* SegundaTelaViewController.swift in Sources */ = {isa = PBXBuildFile; fileRef = 57574B28223409B6007DD048 /* SegundaTelaViewController.swift */; };
		57574B2B2234287E007DD048 /* TerceiraTelaViewController.swift in Sources */ = {isa = PBXBuildFile; fileRef = 57574B2A2234287E007DD048 /* TerceiraTelaViewController.swift */; };
		57574B2D2234384E007DD048 /* QuartaTelaViewController.swift in Sources */ = {isa = PBXBuildFile; fileRef = 57574B2C2234384E007DD048 /* QuartaTelaViewController.swift */; };
		57574B3122344B05007DD048 /* QuintaTelaViewController.swift in Sources */ = {isa = PBXBuildFile; fileRef = 57574B3022344B05007DD048 /* QuintaTelaViewController.swift */; };
		577E62772245A0CF00972CDF /* CardapioViewController.swift in Sources */ = {isa = PBXBuildFile; fileRef = 577E62762245A0CF00972CDF /* CardapioViewController.swift */; };
		577E62792245A30300972CDF /* BaseDados.swift in Sources */ = {isa = PBXBuildFile; fileRef = 577E62782245A30300972CDF /* BaseDados.swift */; };
		577E627B2245A79E00972CDF /* CellController.swift in Sources */ = {isa = PBXBuildFile; fileRef = 577E627A2245A79E00972CDF /* CellController.swift */; };
		5796C5732246A62E00FCD775 /* DetalheCardapioViewController.swift in Sources */ = {isa = PBXBuildFile; fileRef = 5796C5722246A62E00FCD775 /* DetalheCardapioViewController.swift */; };
		57E8DA4122580B020076AD49 /* LoginViewController.swift in Sources */ = {isa = PBXBuildFile; fileRef = 57E8DA4022580B020076AD49 /* LoginViewController.swift */; };
		57E8DA43225813F60076AD49 /* PerfilViewController.swift in Sources */ = {isa = PBXBuildFile; fileRef = 57E8DA42225813F60076AD49 /* PerfilViewController.swift */; };
/* End PBXBuildFile section */

/* Begin PBXFileReference section */
		54F5726322581F2800729CD7 /* MapController.swift */ = {isa = PBXFileReference; lastKnownFileType = sourcecode.swift; path = MapController.swift; sourceTree = "<group>"; };
		54F5726522581FB300729CD7 /* PersistenceManager.swift */ = {isa = PBXFileReference; lastKnownFileType = sourcecode.swift; path = PersistenceManager.swift; sourceTree = "<group>"; };
		57574B132233FA4E007DD048 /* iAppTeste.app */ = {isa = PBXFileReference; explicitFileType = wrapper.application; includeInIndex = 0; path = iAppTeste.app; sourceTree = BUILT_PRODUCTS_DIR; };
		57574B162233FA4E007DD048 /* AppDelegate.swift */ = {isa = PBXFileReference; lastKnownFileType = sourcecode.swift; path = AppDelegate.swift; sourceTree = "<group>"; };
		57574B182233FA4E007DD048 /* ViewController.swift */ = {isa = PBXFileReference; lastKnownFileType = sourcecode.swift; path = ViewController.swift; sourceTree = "<group>"; };
		57574B1B2233FA4E007DD048 /* Base */ = {isa = PBXFileReference; lastKnownFileType = file.storyboard; name = Base; path = Base.lproj/Main.storyboard; sourceTree = "<group>"; };
		57574B1D2233FA4E007DD048 /* Assets.xcassets */ = {isa = PBXFileReference; lastKnownFileType = folder.assetcatalog; path = Assets.xcassets; sourceTree = "<group>"; };
		57574B202233FA4E007DD048 /* Base */ = {isa = PBXFileReference; lastKnownFileType = file.storyboard; name = Base; path = Base.lproj/LaunchScreen.storyboard; sourceTree = "<group>"; };
		57574B222233FA4E007DD048 /* Info.plist */ = {isa = PBXFileReference; lastKnownFileType = text.plist.xml; path = Info.plist; sourceTree = "<group>"; };
		57574B28223409B6007DD048 /* SegundaTelaViewController.swift */ = {isa = PBXFileReference; lastKnownFileType = sourcecode.swift; path = SegundaTelaViewController.swift; sourceTree = "<group>"; };
		57574B2A2234287E007DD048 /* TerceiraTelaViewController.swift */ = {isa = PBXFileReference; lastKnownFileType = sourcecode.swift; path = TerceiraTelaViewController.swift; sourceTree = "<group>"; };
		57574B2C2234384E007DD048 /* QuartaTelaViewController.swift */ = {isa = PBXFileReference; lastKnownFileType = sourcecode.swift; path = QuartaTelaViewController.swift; sourceTree = "<group>"; };
		57574B3022344B05007DD048 /* QuintaTelaViewController.swift */ = {isa = PBXFileReference; lastKnownFileType = sourcecode.swift; path = QuintaTelaViewController.swift; sourceTree = "<group>"; };
		577E62762245A0CF00972CDF /* CardapioViewController.swift */ = {isa = PBXFileReference; lastKnownFileType = sourcecode.swift; path = CardapioViewController.swift; sourceTree = "<group>"; };
		577E62782245A30300972CDF /* BaseDados.swift */ = {isa = PBXFileReference; lastKnownFileType = sourcecode.swift; path = BaseDados.swift; sourceTree = "<group>"; };
		577E627A2245A79E00972CDF /* CellController.swift */ = {isa = PBXFileReference; lastKnownFileType = sourcecode.swift; path = CellController.swift; sourceTree = "<group>"; };
		5796C5722246A62E00FCD775 /* DetalheCardapioViewController.swift */ = {isa = PBXFileReference; lastKnownFileType = sourcecode.swift; path = DetalheCardapioViewController.swift; sourceTree = "<group>"; };
		57E8DA4022580B020076AD49 /* LoginViewController.swift */ = {isa = PBXFileReference; lastKnownFileType = sourcecode.swift; path = LoginViewController.swift; sourceTree = "<group>"; };
		57E8DA42225813F60076AD49 /* PerfilViewController.swift */ = {isa = PBXFileReference; lastKnownFileType = sourcecode.swift; path = PerfilViewController.swift; sourceTree = "<group>"; };
/* End PBXFileReference section */

/* Begin PBXFrameworksBuildPhase section */
		57574B102233FA4E007DD048 /* Frameworks */ = {
			isa = PBXFrameworksBuildPhase;
			buildActionMask = 2147483647;
			files = (
			);
			runOnlyForDeploymentPostprocessing = 0;
		};
/* End PBXFrameworksBuildPhase section */

/* Begin PBXGroup section */
		57574B0A2233FA4E007DD048 = {
			isa = PBXGroup;
			children = (
				57574B152233FA4E007DD048 /* iAppTeste */,
				57574B142233FA4E007DD048 /* Products */,
			);
			sourceTree = "<group>";
		};
		57574B142233FA4E007DD048 /* Products */ = {
			isa = PBXGroup;
			children = (
				57574B132233FA4E007DD048 /* iAppTeste.app */,
			);
			name = Products;
			sourceTree = "<group>";
		};
		57574B152233FA4E007DD048 /* iAppTeste */ = {
			isa = PBXGroup;
			children = (
				57574B162233FA4E007DD048 /* AppDelegate.swift */,
				57574B182233FA4E007DD048 /* ViewController.swift */,
				57574B28223409B6007DD048 /* SegundaTelaViewController.swift */,
				57574B2A2234287E007DD048 /* TerceiraTelaViewController.swift */,
				57574B2C2234384E007DD048 /* QuartaTelaViewController.swift */,
				57574B3022344B05007DD048 /* QuintaTelaViewController.swift */,
				577E62762245A0CF00972CDF /* CardapioViewController.swift */,
				5796C5722246A62E00FCD775 /* DetalheCardapioViewController.swift */,
				577E627A2245A79E00972CDF /* CellController.swift */,
				577E62782245A30300972CDF /* BaseDados.swift */,
				54F5726322581F2800729CD7 /* MapController.swift */,
				57E8DA4022580B020076AD49 /* LoginViewController.swift */,
				57E8DA42225813F60076AD49 /* PerfilViewController.swift */,
				57574B1A2233FA4E007DD048 /* Main.storyboard */,
				57574B1D2233FA4E007DD048 /* Assets.xcassets */,
				57574B1F2233FA4E007DD048 /* LaunchScreen.storyboard */,
				57574B222233FA4E007DD048 /* Info.plist */,
				54F5726522581FB300729CD7 /* PersistenceManager.swift */,
			);
			path = iAppTeste;
			sourceTree = "<group>";
		};
/* End PBXGroup section */

/* Begin PBXNativeTarget section */
		57574B122233FA4E007DD048 /* iAppTeste */ = {
			isa = PBXNativeTarget;
			buildConfigurationList = 57574B252233FA4E007DD048 /* Build configuration list for PBXNativeTarget "iAppTeste" */;
			buildPhases = (
				57574B0F2233FA4E007DD048 /* Sources */,
				57574B102233FA4E007DD048 /* Frameworks */,
				57574B112233FA4E007DD048 /* Resources */,
			);
			buildRules = (
			);
			dependencies = (
			);
			name = iAppTeste;
			productName = iAppTeste;
			productReference = 57574B132233FA4E007DD048 /* iAppTeste.app */;
			productType = "com.apple.product-type.application";
		};
/* End PBXNativeTarget section */

/* Begin PBXProject section */
		57574B0B2233FA4E007DD048 /* Project object */ = {
			isa = PBXProject;
			attributes = {
				LastSwiftUpdateCheck = 0920;
				LastUpgradeCheck = 0920;
				ORGANIZATIONNAME = fernando;
				TargetAttributes = {
					57574B122233FA4E007DD048 = {
						CreatedOnToolsVersion = 9.2;
						ProvisioningStyle = Automatic;
					};
				};
			};
			buildConfigurationList = 57574B0E2233FA4E007DD048 /* Build configuration list for PBXProject "iAppTeste" */;
			compatibilityVersion = "Xcode 8.0";
			developmentRegion = en;
			hasScannedForEncodings = 0;
			knownRegions = (
				en,
				Base,
			);
			mainGroup = 57574B0A2233FA4E007DD048;
			productRefGroup = 57574B142233FA4E007DD048 /* Products */;
			projectDirPath = "";
			projectRoot = "";
			targets = (
				57574B122233FA4E007DD048 /* iAppTeste */,
			);
		};
/* End PBXProject section */

/* Begin PBXResourcesBuildPhase section */
		57574B112233FA4E007DD048 /* Resources */ = {
			isa = PBXResourcesBuildPhase;
			buildActionMask = 2147483647;
			files = (
				57574B212233FA4E007DD048 /* LaunchScreen.storyboard in Resources */,
				57574B1E2233FA4E007DD048 /* Assets.xcassets in Resources */,
				57574B1C2233FA4E007DD048 /* Main.storyboard in Resources */,
			);
			runOnlyForDeploymentPostprocessing = 0;
		};
/* End PBXResourcesBuildPhase section */

/* Begin PBXSourcesBuildPhase section */
		57574B0F2233FA4E007DD048 /* Sources */ = {
			isa = PBXSourcesBuildPhase;
			buildActionMask = 2147483647;
			files = (
				57E8DA4122580B020076AD49 /* LoginViewController.swift in Sources */,
				54F5726622581FB300729CD7 /* PersistenceManager.swift in Sources */,
				577E627B2245A79E00972CDF /* CellController.swift in Sources */,
				577E62792245A30300972CDF /* BaseDados.swift in Sources */,
				57574B2D2234384E007DD048 /* QuartaTelaViewController.swift in Sources */,
				57E8DA43225813F60076AD49 /* PerfilViewController.swift in Sources */,
				57574B192233FA4E007DD048 /* ViewController.swift in Sources */,
				57574B3122344B05007DD048 /* QuintaTelaViewController.swift in Sources */,
				54F5726422581F2800729CD7 /* MapController.swift in Sources */,
				57574B29223409B6007DD048 /* SegundaTelaViewController.swift in Sources */,
				577E62772245A0CF00972CDF /* CardapioViewController.swift in Sources */,
				57574B2B2234287E007DD048 /* TerceiraTelaViewController.swift in Sources */,
				57574B172233FA4E007DD048 /* AppDelegate.swift in Sources */,
				5796C5732246A62E00FCD775 /* DetalheCardapioViewController.swift in Sources */,
			);
			runOnlyForDeploymentPostprocessing = 0;
		};
/* End PBXSourcesBuildPhase section */

/* Begin PBXVariantGroup section */
		57574B1A2233FA4E007DD048 /* Main.storyboard */ = {
			isa = PBXVariantGroup;
			children = (
				57574B1B2233FA4E007DD048 /* Base */,
			);
			name = Main.storyboard;
			sourceTree = "<group>";
		};
		57574B1F2233FA4E007DD048 /* LaunchScreen.storyboard */ = {
			isa = PBXVariantGroup;
			children = (
				57574B202233FA4E007DD048 /* Base */,
			);
			name = LaunchScreen.storyboard;
			sourceTree = "<group>";
		};
/* End PBXVariantGroup section */

/* Begin XCBuildConfiguration section */
		57574B232233FA4E007DD048 /* Debug */ = {
			isa = XCBuildConfiguration;
			buildSettings = {
				ALWAYS_SEARCH_USER_PATHS = NO;
				CLANG_ANALYZER_NONNULL = YES;
				CLANG_ANALYZER_NUMBER_OBJECT_CONVERSION = YES_AGGRESSIVE;
				CLANG_CXX_LANGUAGE_STANDARD = "gnu++14";
				CLANG_CXX_LIBRARY = "libc++";
				CLANG_ENABLE_MODULES = YES;
				CLANG_ENABLE_OBJC_ARC = YES;
				CLANG_WARN_BLOCK_CAPTURE_AUTORELEASING = YES;
				CLANG_WARN_BOOL_CONVERSION = YES;
				CLANG_WARN_COMMA = YES;
				CLANG_WARN_CONSTANT_CONVERSION = YES;
				CLANG_WARN_DIRECT_OBJC_ISA_USAGE = YES_ERROR;
				CLANG_WARN_DOCUMENTATION_COMMENTS = YES;
				CLANG_WARN_EMPTY_BODY = YES;
				CLANG_WARN_ENUM_CONVERSION = YES;
				CLANG_WARN_INFINITE_RECURSION = YES;
				CLANG_WARN_INT_CONVERSION = YES;
				CLANG_WARN_NON_LITERAL_NULL_CONVERSION = YES;
				CLANG_WARN_OBJC_LITERAL_CONVERSION = YES;
				CLANG_WARN_OBJC_ROOT_CLASS = YES_ERROR;
				CLANG_WARN_RANGE_LOOP_ANALYSIS = YES;
				CLANG_WARN_STRICT_PROTOTYPES = YES;
				CLANG_WARN_SUSPICIOUS_MOVE = YES;
				CLANG_WARN_UNGUARDED_AVAILABILITY = YES_AGGRESSIVE;
				CLANG_WARN_UNREACHABLE_CODE = YES;
				CLANG_WARN__DUPLICATE_METHOD_MATCH = YES;
				CODE_SIGN_IDENTITY = "iPhone Developer";
				COPY_PHASE_STRIP = NO;
				DEBUG_INFORMATION_FORMAT = dwarf;
				ENABLE_STRICT_OBJC_MSGSEND = YES;
				ENABLE_TESTABILITY = YES;
				GCC_C_LANGUAGE_STANDARD = gnu11;
				GCC_DYNAMIC_NO_PIC = NO;
				GCC_NO_COMMON_BLOCKS = YES;
				GCC_OPTIMIZATION_LEVEL = 0;
				GCC_PREPROCESSOR_DEFINITIONS = (
					"DEBUG=1",
					"$(inherited)",
				);
				GCC_WARN_64_TO_32_BIT_CONVERSION = YES;
				GCC_WARN_ABOUT_RETURN_TYPE = YES_ERROR;
				GCC_WARN_UNDECLARED_SELECTOR = YES;
				GCC_WARN_UNINITIALIZED_AUTOS = YES_AGGRESSIVE;
				GCC_WARN_UNUSED_FUNCTION = YES;
				GCC_WARN_UNUSED_VARIABLE = YES;
				IPHONEOS_DEPLOYMENT_TARGET = 11.2;
				MTL_ENABLE_DEBUG_INFO = YES;
				ONLY_ACTIVE_ARCH = YES;
				SDKROOT = iphoneos;
				SWIFT_ACTIVE_COMPILATION_CONDITIONS = DEBUG;
				SWIFT_OPTIMIZATION_LEVEL = "-Onone";
			};
			name = Debug;
		};
		57574B242233FA4E007DD048 /* Release */ = {
			isa = XCBuildConfiguration;
			buildSettings = {
				ALWAYS_SEARCH_USER_PATHS = NO;
				CLANG_ANALYZER_NONNULL = YES;
				CLANG_ANALYZER_NUMBER_OBJECT_CONVERSION = YES_AGGRESSIVE;
				CLANG_CXX_LANGUAGE_STANDARD = "gnu++14";
				CLANG_CXX_LIBRARY = "libc++";
				CLANG_ENABLE_MODULES = YES;
				CLANG_ENABLE_OBJC_ARC = YES;
				CLANG_WARN_BLOCK_CAPTURE_AUTORELEASING = YES;
				CLANG_WARN_BOOL_CONVERSION = YES;
				CLANG_WARN_COMMA = YES;
				CLANG_WARN_CONSTANT_CONVERSION = YES;
				CLANG_WARN_DIRECT_OBJC_ISA_USAGE = YES_ERROR;
				CLANG_WARN_DOCUMENTATION_COMMENTS = YES;
				CLANG_WARN_EMPTY_BODY = YES;
				CLANG_WARN_ENUM_CONVERSION = YES;
				CLANG_WARN_INFINITE_RECURSION = YES;
				CLANG_WARN_INT_CONVERSION = YES;
				CLANG_WARN_NON_LITERAL_NULL_CONVERSION = YES;
				CLANG_WARN_OBJC_LITERAL_CONVERSION = YES;
				CLANG_WARN_OBJC_ROOT_CLASS = YES_ERROR;
				CLANG_WARN_RANGE_LOOP_ANALYSIS = YES;
				CLANG_WARN_STRICT_PROTOTYPES = YES;
				CLANG_WARN_SUSPICIOUS_MOVE = YES;
				CLANG_WARN_UNGUARDED_AVAILABILITY = YES_AGGRESSIVE;
				CLANG_WARN_UNREACHABLE_CODE = YES;
				CLANG_WARN__DUPLICATE_METHOD_MATCH = YES;
				CODE_SIGN_IDENTITY = "iPhone Developer";
				COPY_PHASE_STRIP = NO;
				DEBUG_INFORMATION_FORMAT = "dwarf-with-dsym";
				ENABLE_NS_ASSERTIONS = NO;
				ENABLE_STRICT_OBJC_MSGSEND = YES;
				GCC_C_LANGUAGE_STANDARD = gnu11;
				GCC_NO_COMMON_BLOCKS = YES;
				GCC_WARN_64_TO_32_BIT_CONVERSION = YES;
				GCC_WARN_ABOUT_RETURN_TYPE = YES_ERROR;
				GCC_WARN_UNDECLARED_SELECTOR = YES;
				GCC_WARN_UNINITIALIZED_AUTOS = YES_AGGRESSIVE;
				GCC_WARN_UNUSED_FUNCTION = YES;
				GCC_WARN_UNUSED_VARIABLE = YES;
				IPHONEOS_DEPLOYMENT_TARGET = 11.2;
				MTL_ENABLE_DEBUG_INFO = NO;
				SDKROOT = iphoneos;
				SWIFT_OPTIMIZATION_LEVEL = "-Owholemodule";
				VALIDATE_PRODUCT = YES;
			};
			name = Release;
		};
		57574B262233FA4E007DD048 /* Debug */ = {
			isa = XCBuildConfiguration;
			buildSettings = {
				ASSETCATALOG_COMPILER_APPICON_NAME = AppIcon;
				CODE_SIGN_STYLE = Automatic;
				DEVELOPMENT_TEAM = PRV938UX4M;
				INFOPLIST_FILE = iAppTeste/Info.plist;
				LD_RUNPATH_SEARCH_PATHS = "$(inherited) @executable_path/Frameworks";
				PRODUCT_BUNDLE_IDENTIFIER = br.ufg.pos.ios.iAppTeste;
				PRODUCT_NAME = "$(TARGET_NAME)";
				SWIFT_VERSION = 4.0;
				TARGETED_DEVICE_FAMILY = "1,2";
			};
			name = Debug;
		};
		57574B272233FA4E007DD048 /* Release */ = {
			isa = XCBuildConfiguration;
			buildSettings = {
				ASSETCATALOG_COMPILER_APPICON_NAME = AppIcon;
				CODE_SIGN_STYLE = Automatic;
				DEVELOPMENT_TEAM = PRV938UX4M;
				INFOPLIST_FILE = iAppTeste/Info.plist;
				LD_RUNPATH_SEARCH_PATHS = "$(inherited) @executable_path/Frameworks";
				PRODUCT_BUNDLE_IDENTIFIER = br.ufg.pos.ios.iAppTeste;
				PRODUCT_NAME = "$(TARGET_NAME)";
				SWIFT_VERSION = 4.0;
				TARGETED_DEVICE_FAMILY = "1,2";
			};
			name = Release;
		};
/* End XCBuildConfiguration section */

/* Begin XCConfigurationList section */
		57574B0E2233FA4E007DD048 /* Build configuration list for PBXProject "iAppTeste" */ = {
			isa = XCConfigurationList;
			buildConfigurations = (
				57574B232233FA4E007DD048 /* Debug */,
				57574B242233FA4E007DD048 /* Release */,
			);
			defaultConfigurationIsVisible = 0;
			defaultConfigurationName = Release;
		};
		57574B252233FA4E007DD048 /* Build configuration list for PBXNativeTarget "iAppTeste" */ = {
			isa = XCConfigurationList;
			buildConfigurations = (
				57574B262233FA4E007DD048 /* Debug */,
				57574B272233FA4E007DD048 /* Release */,
			);
			defaultConfigurationIsVisible = 0;
			defaultConfigurationName = Release;
		};
/* End XCConfigurationList section */
	};
	rootObject = 57574B0B2233FA4E007DD048 /* Project object */;
}
